
Microsoft Visual Studio Solution File, Format Version 12.00
Project("{FAE04EC0-301F-11D3-BF4B-00C04F79EFBC}") = "Misa.Ui.Avalonia", "src\Misa.Ui.Avalonia\Misa.Ui.Avalonia.csproj", "{FF54DB64-6FCF-4836-9F24-5381F1B2ED2F}"
EndProject
Project("{FAE04EC0-301F-11D3-BF4B-00C04F79EFBC}") = "Misa.Contract", "src\Misa.Contract\Misa.Contract.csproj", "{F99D397D-0512-4B1D-A4BA-E538A82C6DF7}"
EndProject
Project("{FAE04EC0-301F-11D3-BF4B-00C04F79EFBC}") = "Misa.Api", "src\Misa.Api\Misa.Api.csproj", "{104BE1E5-EA15-45EE-840A-BCE5913B684D}"
EndProject
Project("{FAE04EC0-301F-11D3-BF4B-00C04F79EFBC}") = "Misa.Application", "src\Misa.Application\Misa.Application.csproj", "{A2B37DAD-C5EE-4220-A6FD-47DBDF5FE531}"
EndProject
Project("{FAE04EC0-301F-11D3-BF4B-00C04F79EFBC}") = "Misa.Domain", "src\Misa.Domain\Misa.Domain.csproj", "{F5326454-9DF4-43E4-9F13-00E1B7215160}"
EndProject
Project("{FAE04EC0-301F-11D3-BF4B-00C04F79EFBC}") = "Misa.Infrastructure", "src\Misa.Infrastructure\Misa.Infrastructure.csproj", "{2BDF50D9-263D-4D00-A592-868DE92CFAD3}"
EndProject
Global
	GlobalSection(SolutionConfigurationPlatforms) = preSolution
		Debug|Any CPU = Debug|Any CPU
		Release|Any CPU = Release|Any CPU
	EndGlobalSection
	GlobalSection(ProjectConfigurationPlatforms) = postSolution
		{FF54DB64-6FCF-4836-9F24-5381F1B2ED2F}.Debug|Any CPU.ActiveCfg = Debug|Any CPU
		{FF54DB64-6FCF-4836-9F24-5381F1B2ED2F}.Debug|Any CPU.Build.0 = Debug|Any CPU
		{FF54DB64-6FCF-4836-9F24-5381F1B2ED2F}.Release|Any CPU.ActiveCfg = Release|Any CPU
		{FF54DB64-6FCF-4836-9F24-5381F1B2ED2F}.Release|Any CPU.Build.0 = Release|Any CPU
		{F99D397D-0512-4B1D-A4BA-E538A82C6DF7}.Debug|Any CPU.ActiveCfg = Debug|Any CPU
		{F99D397D-0512-4B1D-A4BA-E538A82C6DF7}.Debug|Any CPU.Build.0 = Debug|Any CPU
		{F99D397D-0512-4B1D-A4BA-E538A82C6DF7}.Release|Any CPU.ActiveCfg = Release|Any CPU
		{F99D397D-0512-4B1D-A4BA-E538A82C6DF7}.Release|Any CPU.Build.0 = Release|Any CPU
		{104BE1E5-EA15-45EE-840A-BCE5913B684D}.Debug|Any CPU.ActiveCfg = Debug|Any CPU
		{104BE1E5-EA15-45EE-840A-BCE5913B684D}.Debug|Any CPU.Build.0 = Debug|Any CPU
		{104BE1E5-EA15-45EE-840A-BCE5913B684D}.Release|Any CPU.ActiveCfg = Release|Any CPU
		{104BE1E5-EA15-45EE-840A-BCE5913B684D}.Release|Any CPU.Build.0 = Release|Any CPU
		{A2B37DAD-C5EE-4220-A6FD-47DBDF5FE531}.Debug|Any CPU.ActiveCfg = Debug|Any CPU
		{A2B37DAD-C5EE-4220-A6FD-47DBDF5FE531}.Debug|Any CPU.Build.0 = Debug|Any CPU
		{A2B37DAD-C5EE-4220-A6FD-47DBDF5FE531}.Release|Any CPU.ActiveCfg = Release|Any CPU
		{A2B37DAD-C5EE-4220-A6FD-47DBDF5FE531}.Release|Any CPU.Build.0 = Release|Any CPU
		{F5326454-9DF4-43E4-9F13-00E1B7215160}.Debug|Any CPU.ActiveCfg = Debug|Any CPU
		{F5326454-9DF4-43E4-9F13-00E1B7215160}.Debug|Any CPU.Build.0 = Debug|Any CPU
		{F5326454-9DF4-43E4-9F13-00E1B7215160}.Release|Any CPU.ActiveCfg = Release|Any CPU
		{F5326454-9DF4-43E4-9F13-00E1B7215160}.Release|Any CPU.Build.0 = Release|Any CPU
		{2BDF50D9-263D-4D00-A592-868DE92CFAD3}.Debug|Any CPU.ActiveCfg = Debug|Any CPU
		{2BDF50D9-263D-4D00-A592-868DE92CFAD3}.Debug|Any CPU.Build.0 = Debug|Any CPU
		{2BDF50D9-263D-4D00-A592-868DE92CFAD3}.Release|Any CPU.ActiveCfg = Release|Any CPU
		{2BDF50D9-263D-4D00-A592-868DE92CFAD3}.Release|Any CPU.Build.0 = Release|Any CPU
	EndGlobalSection
EndGlobal
