
Microsoft Visual Studio Solution File, Format Version 12.00
Project("{FAE04EC0-301F-11D3-BF4B-00C04F79EFBC}") = "Resona", "src\Resona\Resona.csproj", "{5925D71D-5A0A-462B-BCA0-9E5FBE878D2D}"
EndProject
Project("{FAE04EC0-301F-11D3-BF4B-00C04F79EFBC}") = "Resona.Core", "src\Resona.Core\Resona.Core.csproj", "{E0AD7D29-E0E2-428E-A128-8DEE7AEE37F7}"
EndProject
Project("{FAE04EC0-301F-11D3-BF4B-00C04F79EFBC}") = "Resona.Companion", "src\Resona.Companion\Resona.Companion.csproj", "{D5037299-8A43-47C8-AFC3-DE2EEE3539AC}"
EndProject
Project("{FAE04EC0-301F-11D3-BF4B-00C04F79EFBC}") = "Resona.Android", "src\Resona.Android\Resona.Android.csproj", "{FB2F1EF3-13C8-4C3C-960D-C8D4DD02D778}"
EndProject
Project("{2150E333-8FDC-42A3-9474-1A3956D46DE8}") = "tests", "tests", "{0AB3BF05-4346-4AA6-1389-037BE0695223}"
EndProject
Project("{FAE04EC0-301F-11D3-BF4B-00C04F79EFBC}") = "Resona.Tests", "tests\Resona.Tests\Resona.Tests.csproj", "{5BB352C1-7B1F-4FAC-A0F1-48A9AA2F86A3}"
EndProject
Project("{FAE04EC0-301F-11D3-BF4B-00C04F79EFBC}") = "Resona.Cloud.Server", "src\Resona.Cloud.Server\Resona.Cloud.Server.csproj", "{A41E2C27-548F-498F-B9C4-63347DA897C1}"
EndProject
Project("{FAE04EC0-301F-11D3-BF4B-00C04F79EFBC}") = "Resona.Cloud.Tests", "tests\Resona.Cloud.Tests\Resona.Cloud.Tests.csproj", "{B935B8CE-F716-43A4-B22C-60934336EBB8}"
EndProject
Global
	GlobalSection(SolutionConfigurationPlatforms) = preSolution
		Debug|Any CPU = Debug|Any CPU
		Debug|x64 = Debug|x64
		Debug|x86 = Debug|x86
		Release|Any CPU = Release|Any CPU
		Release|x64 = Release|x64
		Release|x86 = Release|x86
	EndGlobalSection
	GlobalSection(ProjectConfigurationPlatforms) = postSolution
		{5925D71D-5A0A-462B-BCA0-9E5FBE878D2D}.Debug|Any CPU.ActiveCfg = Debug|Any CPU
		{5925D71D-5A0A-462B-BCA0-9E5FBE878D2D}.Debug|Any CPU.Build.0 = Debug|Any CPU
		{5925D71D-5A0A-462B-BCA0-9E5FBE878D2D}.Debug|x64.ActiveCfg = Debug|Any CPU
		{5925D71D-5A0A-462B-BCA0-9E5FBE878D2D}.Debug|x64.Build.0 = Debug|Any CPU
		{5925D71D-5A0A-462B-BCA0-9E5FBE878D2D}.Debug|x86.ActiveCfg = Debug|Any CPU
		{5925D71D-5A0A-462B-BCA0-9E5FBE878D2D}.Debug|x86.Build.0 = Debug|Any CPU
		{5925D71D-5A0A-462B-BCA0-9E5FBE878D2D}.Release|Any CPU.ActiveCfg = Release|Any CPU
		{5925D71D-5A0A-462B-BCA0-9E5FBE878D2D}.Release|Any CPU.Build.0 = Release|Any CPU
		{5925D71D-5A0A-462B-BCA0-9E5FBE878D2D}.Release|x64.ActiveCfg = Release|Any CPU
		{5925D71D-5A0A-462B-BCA0-9E5FBE878D2D}.Release|x64.Build.0 = Release|Any CPU
		{5925D71D-5A0A-462B-BCA0-9E5FBE878D2D}.Release|x86.ActiveCfg = Release|Any CPU
		{5925D71D-5A0A-462B-BCA0-9E5FBE878D2D}.Release|x86.Build.0 = Release|Any CPU
		{E0AD7D29-E0E2-428E-A128-8DEE7AEE37F7}.Debug|Any CPU.ActiveCfg = Debug|Any CPU
		{E0AD7D29-E0E2-428E-A128-8DEE7AEE37F7}.Debug|Any CPU.Build.0 = Debug|Any CPU
		{E0AD7D29-E0E2-428E-A128-8DEE7AEE37F7}.Debug|x64.ActiveCfg = Debug|Any CPU
		{E0AD7D29-E0E2-428E-A128-8DEE7AEE37F7}.Debug|x64.Build.0 = Debug|Any CPU
		{E0AD7D29-E0E2-428E-A128-8DEE7AEE37F7}.Debug|x86.ActiveCfg = Debug|Any CPU
		{E0AD7D29-E0E2-428E-A128-8DEE7AEE37F7}.Debug|x86.Build.0 = Debug|Any CPU
		{E0AD7D29-E0E2-428E-A128-8DEE7AEE37F7}.Release|Any CPU.ActiveCfg = Release|Any CPU
		{E0AD7D29-E0E2-428E-A128-8DEE7AEE37F7}.Release|Any CPU.Build.0 = Release|Any CPU
		{E0AD7D29-E0E2-428E-A128-8DEE7AEE37F7}.Release|x64.ActiveCfg = Release|Any CPU
		{E0AD7D29-E0E2-428E-A128-8DEE7AEE37F7}.Release|x64.Build.0 = Release|Any CPU
		{E0AD7D29-E0E2-428E-A128-8DEE7AEE37F7}.Release|x86.ActiveCfg = Release|Any CPU
		{E0AD7D29-E0E2-428E-A128-8DEE7AEE37F7}.Release|x86.Build.0 = Release|Any CPU
		{D5037299-8A43-47C8-AFC3-DE2EEE3539AC}.Debug|Any CPU.ActiveCfg = Debug|Any CPU
		{D5037299-8A43-47C8-AFC3-DE2EEE3539AC}.Debug|Any CPU.Build.0 = Debug|Any CPU
		{D5037299-8A43-47C8-AFC3-DE2EEE3539AC}.Debug|x64.ActiveCfg = Debug|Any CPU
		{D5037299-8A43-47C8-AFC3-DE2EEE3539AC}.Debug|x64.Build.0 = Debug|Any CPU
		{D5037299-8A43-47C8-AFC3-DE2EEE3539AC}.Debug|x86.ActiveCfg = Debug|Any CPU
		{D5037299-8A43-47C8-AFC3-DE2EEE3539AC}.Debug|x86.Build.0 = Debug|Any CPU
		{D5037299-8A43-47C8-AFC3-DE2EEE3539AC}.Release|Any CPU.ActiveCfg = Release|Any CPU
		{D5037299-8A43-47C8-AFC3-DE2EEE3539AC}.Release|Any CPU.Build.0 = Release|Any CPU
		{D5037299-8A43-47C8-AFC3-DE2EEE3539AC}.Release|x64.ActiveCfg = Release|Any CPU
		{D5037299-8A43-47C8-AFC3-DE2EEE3539AC}.Release|x64.Build.0 = Release|Any CPU
		{D5037299-8A43-47C8-AFC3-DE2EEE3539AC}.Release|x86.ActiveCfg = Release|Any CPU
		{D5037299-8A43-47C8-AFC3-DE2EEE3539AC}.Release|x86.Build.0 = Release|Any CPU
		{FB2F1EF3-13C8-4C3C-960D-C8D4DD02D778}.Debug|Any CPU.ActiveCfg = Debug|Any CPU
		{FB2F1EF3-13C8-4C3C-960D-C8D4DD02D778}.Debug|x64.ActiveCfg = Debug|Any CPU
		{FB2F1EF3-13C8-4C3C-960D-C8D4DD02D778}.Debug|x64.Build.0 = Debug|Any CPU
		{FB2F1EF3-13C8-4C3C-960D-C8D4DD02D778}.Debug|x86.ActiveCfg = Debug|Any CPU
		{FB2F1EF3-13C8-4C3C-960D-C8D4DD02D778}.Debug|x86.Build.0 = Debug|Any CPU
		{FB2F1EF3-13C8-4C3C-960D-C8D4DD02D778}.Release|Any CPU.ActiveCfg = Release|Any CPU
		{FB2F1EF3-13C8-4C3C-960D-C8D4DD02D778}.Release|Any CPU.Build.0 = Release|Any CPU
		{FB2F1EF3-13C8-4C3C-960D-C8D4DD02D778}.Release|x64.ActiveCfg = Release|Any CPU
		{FB2F1EF3-13C8-4C3C-960D-C8D4DD02D778}.Release|x64.Build.0 = Release|Any CPU
		{FB2F1EF3-13C8-4C3C-960D-C8D4DD02D778}.Release|x86.ActiveCfg = Release|Any CPU
		{FB2F1EF3-13C8-4C3C-960D-C8D4DD02D778}.Release|x86.Build.0 = Release|Any CPU
		{5BB352C1-7B1F-4FAC-A0F1-48A9AA2F86A3}.Debug|Any CPU.ActiveCfg = Debug|Any CPU
		{5BB352C1-7B1F-4FAC-A0F1-48A9AA2F86A3}.Debug|Any CPU.Build.0 = Debug|Any CPU
		{5BB352C1-7B1F-4FAC-A0F1-48A9AA2F86A3}.Debug|x64.ActiveCfg = Debug|Any CPU
		{5BB352C1-7B1F-4FAC-A0F1-48A9AA2F86A3}.Debug|x64.Build.0 = Debug|Any CPU
		{5BB352C1-7B1F-4FAC-A0F1-48A9AA2F86A3}.Debug|x86.ActiveCfg = Debug|Any CPU
		{5BB352C1-7B1F-4FAC-A0F1-48A9AA2F86A3}.Debug|x86.Build.0 = Debug|Any CPU
		{5BB352C1-7B1F-4FAC-A0F1-48A9AA2F86A3}.Release|Any CPU.ActiveCfg = Release|Any CPU
		{5BB352C1-7B1F-4FAC-A0F1-48A9AA2F86A3}.Release|Any CPU.Build.0 = Release|Any CPU
		{5BB352C1-7B1F-4FAC-A0F1-48A9AA2F86A3}.Release|x64.ActiveCfg = Release|Any CPU
		{5BB352C1-7B1F-4FAC-A0F1-48A9AA2F86A3}.Release|x64.Build.0 = Release|Any CPU
		{5BB352C1-7B1F-4FAC-A0F1-48A9AA2F86A3}.Release|x86.ActiveCfg = Release|Any CPU
		{5BB352C1-7B1F-4FAC-A0F1-48A9AA2F86A3}.Release|x86.Build.0 = Release|Any CPU
		{A41E2C27-548F-498F-B9C4-63347DA897C1}.Debug|Any CPU.ActiveCfg = Debug|Any CPU
		{A41E2C27-548F-498F-B9C4-63347DA897C1}.Debug|Any CPU.Build.0 = Debug|Any CPU
		{A41E2C27-548F-498F-B9C4-63347DA897C1}.Debug|x64.ActiveCfg = Debug|Any CPU
		{A41E2C27-548F-498F-B9C4-63347DA897C1}.Debug|x64.Build.0 = Debug|Any CPU
		{A41E2C27-548F-498F-B9C4-63347DA897C1}.Debug|x86.ActiveCfg = Debug|Any CPU
		{A41E2C27-548F-498F-B9C4-63347DA897C1}.Debug|x86.Build.0 = Debug|Any CPU
		{A41E2C27-548F-498F-B9C4-63347DA897C1}.Release|Any CPU.ActiveCfg = Release|Any CPU
		{A41E2C27-548F-498F-B9C4-63347DA897C1}.Release|Any CPU.Build.0 = Release|Any CPU
		{A41E2C27-548F-498F-B9C4-63347DA897C1}.Release|x64.ActiveCfg = Release|Any CPU
		{A41E2C27-548F-498F-B9C4-63347DA897C1}.Release|x64.Build.0 = Release|Any CPU
		{A41E2C27-548F-498F-B9C4-63347DA897C1}.Release|x86.ActiveCfg = Release|Any CPU
		{A41E2C27-548F-498F-B9C4-63347DA897C1}.Release|x86.Build.0 = Release|Any CPU
		{B935B8CE-F716-43A4-B22C-60934336EBB8}.Debug|Any CPU.ActiveCfg = Debug|Any CPU
		{B935B8CE-F716-43A4-B22C-60934336EBB8}.Debug|Any CPU.Build.0 = Debug|Any CPU
		{B935B8CE-F716-43A4-B22C-60934336EBB8}.Debug|x64.ActiveCfg = Debug|Any CPU
		{B935B8CE-F716-43A4-B22C-60934336EBB8}.Debug|x64.Build.0 = Debug|Any CPU
		{B935B8CE-F716-43A4-B22C-60934336EBB8}.Debug|x86.ActiveCfg = Debug|Any CPU
		{B935B8CE-F716-43A4-B22C-60934336EBB8}.Debug|x86.Build.0 = Debug|Any CPU
		{B935B8CE-F716-43A4-B22C-60934336EBB8}.Release|Any CPU.ActiveCfg = Release|Any CPU
		{B935B8CE-F716-43A4-B22C-60934336EBB8}.Release|Any CPU.Build.0 = Release|Any CPU
		{B935B8CE-F716-43A4-B22C-60934336EBB8}.Release|x64.ActiveCfg = Release|Any CPU
		{B935B8CE-F716-43A4-B22C-60934336EBB8}.Release|x64.Build.0 = Release|Any CPU
		{B935B8CE-F716-43A4-B22C-60934336EBB8}.Release|x86.ActiveCfg = Release|Any CPU
		{B935B8CE-F716-43A4-B22C-60934336EBB8}.Release|x86.Build.0 = Release|Any CPU
	EndGlobalSection
	GlobalSection(SolutionProperties) = preSolution
		HideSolutionNode = FALSE
	EndGlobalSection
	GlobalSection(NestedProjects) = preSolution
		{5BB352C1-7B1F-4FAC-A0F1-48A9AA2F86A3} = {0AB3BF05-4346-4AA6-1389-037BE0695223}
		{B935B8CE-F716-43A4-B22C-60934336EBB8} = {0AB3BF05-4346-4AA6-1389-037BE0695223}
	EndGlobalSection
EndGlobal
